
Microsoft Visual Studio Solution File, Format Version 12.00
# Visual Studio Version 17
VisualStudioVersion = 17.0.31903.59
MinimumVisualStudioVersion = 10.0.40219.1
Project("{9A19103F-16F7-4668-BE54-9A1E7A4F7556}") = "PlanOfStudy", "PlanOfStudy\PlanOfStudy.csproj", "{CB00FAC2-592E-45C9-A694-DDBF9CB8D308}"
EndProject
Global
	GlobalSection(SolutionConfigurationPlatforms) = preSolution
		Debug|Any CPU = Debug|Any CPU
		Release|Any CPU = Release|Any CPU
	EndGlobalSection
	GlobalSection(ProjectConfigurationPlatforms) = postSolution
		{CB00FAC2-592E-45C9-A694-DDBF9CB8D308}.Debug|Any CPU.ActiveCfg = Debug|Any CPU
		{CB00FAC2-592E-45C9-A694-DDBF9CB8D308}.Debug|Any CPU.Build.0 = Debug|Any CPU
		{CB00FAC2-592E-45C9-A694-DDBF9CB8D308}.Release|Any CPU.ActiveCfg = Release|Any CPU
		{CB00FAC2-592E-45C9-A694-DDBF9CB8D308}.Release|Any CPU.Build.0 = Release|Any CPU
	EndGlobalSection
	GlobalSection(SolutionProperties) = preSolution
		HideSolutionNode = FALSE
	EndGlobalSection
	GlobalSection(ExtensibilityGlobals) = postSolution
		SolutionGuid = {BB656C7F-10CA-4644-8CC9-4C66FE80EF8C}
	EndGlobalSection
EndGlobal
